
Microsoft Visual Studio Solution File, Format Version 12.00
# Visual Studio 15
VisualStudioVersion = 15.0.28307.1705
MinimumVisualStudioVersion = 10.0.40219.1
Project("{FAE04EC0-301F-11D3-BF4B-00C04F79EFBC}") = "Lab3_Invader", "Lab3_Invader\Lab3_Invader.csproj", "{6C0F1053-3541-4B10-8A0B-4FBC64A91758}"
EndProject
Global
	GlobalSection(SolutionConfigurationPlatforms) = preSolution
		Debug|Any CPU = Debug|Any CPU
		Release|Any CPU = Release|Any CPU
	EndGlobalSection
	GlobalSection(ProjectConfigurationPlatforms) = postSolution
		{6C0F1053-3541-4B10-8A0B-4FBC64A91758}.Debug|Any CPU.ActiveCfg = Debug|Any CPU
		{6C0F1053-3541-4B10-8A0B-4FBC64A91758}.Debug|Any CPU.Build.0 = Debug|Any CPU
		{6C0F1053-3541-4B10-8A0B-4FBC64A91758}.Release|Any CPU.ActiveCfg = Release|Any CPU
		{6C0F1053-3541-4B10-8A0B-4FBC64A91758}.Release|Any CPU.Build.0 = Release|Any CPU
	EndGlobalSection
	GlobalSection(SolutionProperties) = preSolution
		HideSolutionNode = FALSE
	EndGlobalSection
	GlobalSection(ExtensibilityGlobals) = postSolution
		SolutionGuid = {6995F835-EF5F-4CEB-AAA3-4BB5F026D87E}
	EndGlobalSection
EndGlobal
