
Microsoft Visual Studio Solution File, Format Version 12.00
# Visual Studio 15
VisualStudioVersion = 15.0.28307.1622
MinimumVisualStudioVersion = 10.0.40219.1
Project("{FAE04EC0-301F-11D3-BF4B-00C04F79EFBC}") = "Lab1", "Lab1\Lab1.csproj", "{374B212A-73D3-4955-9563-A1C9BF6E3BC6}"
EndProject
Global
	GlobalSection(SolutionConfigurationPlatforms) = preSolution
		Debug|Any CPU = Debug|Any CPU
		Release|Any CPU = Release|Any CPU
	EndGlobalSection
	GlobalSection(ProjectConfigurationPlatforms) = postSolution
		{374B212A-73D3-4955-9563-A1C9BF6E3BC6}.Debug|Any CPU.ActiveCfg = Debug|Any CPU
		{374B212A-73D3-4955-9563-A1C9BF6E3BC6}.Debug|Any CPU.Build.0 = Debug|Any CPU
		{374B212A-73D3-4955-9563-A1C9BF6E3BC6}.Release|Any CPU.ActiveCfg = Release|Any CPU
		{374B212A-73D3-4955-9563-A1C9BF6E3BC6}.Release|Any CPU.Build.0 = Release|Any CPU
	EndGlobalSection
	GlobalSection(SolutionProperties) = preSolution
		HideSolutionNode = FALSE
	EndGlobalSection
	GlobalSection(ExtensibilityGlobals) = postSolution
		SolutionGuid = {46F650BF-D021-49E0-84B9-5280FEE0D899}
	EndGlobalSection
EndGlobal
