
Microsoft Visual Studio Solution File, Format Version 12.00
# Visual Studio 15
VisualStudioVersion = 15.0.28307.1622
MinimumVisualStudioVersion = 10.0.40219.1
Project("{FAE04EC0-301F-11D3-BF4B-00C04F79EFBC}") = "Lab2_TheQuest", "Lab2_TheQuest\Lab2_TheQuest.csproj", "{494FF8EC-EFB0-4284-ACCE-26086DE6B7B7}"
EndProject
Global
	GlobalSection(SolutionConfigurationPlatforms) = preSolution
		Debug|Any CPU = Debug|Any CPU
		Release|Any CPU = Release|Any CPU
	EndGlobalSection
	GlobalSection(ProjectConfigurationPlatforms) = postSolution
		{494FF8EC-EFB0-4284-ACCE-26086DE6B7B7}.Debug|Any CPU.ActiveCfg = Debug|Any CPU
		{494FF8EC-EFB0-4284-ACCE-26086DE6B7B7}.Debug|Any CPU.Build.0 = Debug|Any CPU
		{494FF8EC-EFB0-4284-ACCE-26086DE6B7B7}.Release|Any CPU.ActiveCfg = Release|Any CPU
		{494FF8EC-EFB0-4284-ACCE-26086DE6B7B7}.Release|Any CPU.Build.0 = Release|Any CPU
	EndGlobalSection
	GlobalSection(SolutionProperties) = preSolution
		HideSolutionNode = FALSE
	EndGlobalSection
	GlobalSection(ExtensibilityGlobals) = postSolution
		SolutionGuid = {054A99DA-81C6-4F07-B4DB-733593C21466}
	EndGlobalSection
EndGlobal
